Microsoft Visual Studio Solution File, Format Version 12.00
# Visual Studio Version 17
VisualStudioVersion = 17.5.2.0
MinimumVisualStudioVersion = 10.0.40219.1
Project("{FAE04EC0-301F-11D3-BF4B-00C04F79EFBC}") = "mstodo-cli", "mstodo-cli.csproj", "{BEEE5852-960A-8385-7505-633EBA092391}"
EndProject
Global
	GlobalSection(SolutionConfigurationPlatforms) = preSolution
		Debug|Any CPU = Debug|Any CPU
		Release|Any CPU = Release|Any CPU
	EndGlobalSection
	GlobalSection(ProjectConfigurationPlatforms) = postSolution
		{BEEE5852-960A-8385-7505-633EBA092391}.Debug|Any CPU.ActiveCfg = Debug|Any CPU
		{BEEE5852-960A-8385-7505-633EBA092391}.Debug|Any CPU.Build.0 = Debug|Any CPU
		{BEEE5852-960A-8385-7505-633EBA092391}.Release|Any CPU.ActiveCfg = Release|Any CPU
		{BEEE5852-960A-8385-7505-633EBA092391}.Release|Any CPU.Build.0 = Release|Any CPU
	EndGlobalSection
	GlobalSection(SolutionProperties) = preSolution
		HideSolutionNode = FALSE
	EndGlobalSection
	GlobalSection(ExtensibilityGlobals) = postSolution
		SolutionGuid = {D6EC4F51-03D3-43C0-90F2-EA22558A549E}
	EndGlobalSection
EndGlobal
